
Microsoft Visual Studio Solution File, Format Version 12.00
# Visual Studio Version 17
VisualStudioVersion = 17.3.32825.248
MinimumVisualStudioVersion = 10.0.40219.1
Project("{9A19103F-16F7-4668-BE54-9A1E7A4F7556}") = "WebAssembly", "WebAssembly.csproj", "{AE463A52-0E5C-4494-B65A-A84DFC18E82E}"
EndProject
Project("{9A19103F-16F7-4668-BE54-9A1E7A4F7556}") = "WebAssembly.API", "..\..\WebAssembly.API\WebAssembly.API\WebAssembly.API.csproj", "{D8E148BA-9D04-4043-B182-06FBC5B4A9BC}"
EndProject
Global
	GlobalSection(SolutionConfigurationPlatforms) = preSolution
		Debug|Any CPU = Debug|Any CPU
		Release|Any CPU = Release|Any CPU
	EndGlobalSection
	GlobalSection(ProjectConfigurationPlatforms) = postSolution
		{AE463A52-0E5C-4494-B65A-A84DFC18E82E}.Debug|Any CPU.ActiveCfg = Debug|Any CPU
		{AE463A52-0E5C-4494-B65A-A84DFC18E82E}.Debug|Any CPU.Build.0 = Debug|Any CPU
		{AE463A52-0E5C-4494-B65A-A84DFC18E82E}.Release|Any CPU.ActiveCfg = Release|Any CPU
		{AE463A52-0E5C-4494-B65A-A84DFC18E82E}.Release|Any CPU.Build.0 = Release|Any CPU
		{D8E148BA-9D04-4043-B182-06FBC5B4A9BC}.Debug|Any CPU.ActiveCfg = Debug|Any CPU
		{D8E148BA-9D04-4043-B182-06FBC5B4A9BC}.Debug|Any CPU.Build.0 = Debug|Any CPU
		{D8E148BA-9D04-4043-B182-06FBC5B4A9BC}.Release|Any CPU.ActiveCfg = Release|Any CPU
		{D8E148BA-9D04-4043-B182-06FBC5B4A9BC}.Release|Any CPU.Build.0 = Release|Any CPU
	EndGlobalSection
	GlobalSection(SolutionProperties) = preSolution
		HideSolutionNode = FALSE
	EndGlobalSection
	GlobalSection(ExtensibilityGlobals) = postSolution
		SolutionGuid = {2BC30DA6-F7CD-478B-9429-B6E5606A8576}
	EndGlobalSection
EndGlobal
